
Microsoft Visual Studio Solution File, Format Version 12.00
# Visual Studio Version 17
VisualStudioVersion = 17.7.34202.233
MinimumVisualStudioVersion = 10.0.40219.1
Project("{FAE04EC0-301F-11D3-BF4B-00C04F79EFBC}") = "RostikClasses", "RostikClasses.csproj", "{A50979ED-3BBB-44F3-AFED-BDE36F673E62}"
EndProject
Project("{FAE04EC0-301F-11D3-BF4B-00C04F79EFBC}") = "RostikWebApp", "..\RostikWebApp\RostikWebApp.csproj", "{A34FA006-CAEE-48B4-AEDA-286F0048DE58}"
EndProject
Global
	GlobalSection(SolutionConfigurationPlatforms) = preSolution
		Debug|Any CPU = Debug|Any CPU
		Release|Any CPU = Release|Any CPU
	EndGlobalSection
	GlobalSection(ProjectConfigurationPlatforms) = postSolution
		{A50979ED-3BBB-44F3-AFED-BDE36F673E62}.Debug|Any CPU.ActiveCfg = Debug|Any CPU
		{A50979ED-3BBB-44F3-AFED-BDE36F673E62}.Debug|Any CPU.Build.0 = Debug|Any CPU
		{A50979ED-3BBB-44F3-AFED-BDE36F673E62}.Release|Any CPU.ActiveCfg = Release|Any CPU
		{A50979ED-3BBB-44F3-AFED-BDE36F673E62}.Release|Any CPU.Build.0 = Release|Any CPU
		{A34FA006-CAEE-48B4-AEDA-286F0048DE58}.Debug|Any CPU.ActiveCfg = Debug|Any CPU
		{A34FA006-CAEE-48B4-AEDA-286F0048DE58}.Debug|Any CPU.Build.0 = Debug|Any CPU
		{A34FA006-CAEE-48B4-AEDA-286F0048DE58}.Release|Any CPU.ActiveCfg = Release|Any CPU
		{A34FA006-CAEE-48B4-AEDA-286F0048DE58}.Release|Any CPU.Build.0 = Release|Any CPU
	EndGlobalSection
	GlobalSection(SolutionProperties) = preSolution
		HideSolutionNode = FALSE
	EndGlobalSection
	GlobalSection(ExtensibilityGlobals) = postSolution
		SolutionGuid = {CE5E85C1-BD4E-4300-A05D-EBF60541918B}
	EndGlobalSection
EndGlobal
