
Microsoft Visual Studio Solution File, Format Version 12.00
# Visual Studio Version 17
VisualStudioVersion = 17.6.33829.357
MinimumVisualStudioVersion = 10.0.40219.1
Project("{FAE04EC0-301F-11D3-BF4B-00C04F79EFBC}") = "RKonstantyi", "RKonstantyi\RKonstantyi.csproj", "{2958E50D-B073-4FFE-BDE8-47CB1321E090}"
EndProject
Project("{FAE04EC0-301F-11D3-BF4B-00C04F79EFBC}") = "library", "library\library.csproj", "{53E9A5D4-29C2-4426-BA14-50234F62160C}"
EndProject
Global
	GlobalSection(SolutionConfigurationPlatforms) = preSolution
		Debug|Any CPU = Debug|Any CPU
		Release|Any CPU = Release|Any CPU
	EndGlobalSection
	GlobalSection(ProjectConfigurationPlatforms) = postSolution
		{2958E50D-B073-4FFE-BDE8-47CB1321E090}.Debug|Any CPU.ActiveCfg = Debug|Any CPU
		{2958E50D-B073-4FFE-BDE8-47CB1321E090}.Debug|Any CPU.Build.0 = Debug|Any CPU
		{2958E50D-B073-4FFE-BDE8-47CB1321E090}.Release|Any CPU.ActiveCfg = Release|Any CPU
		{2958E50D-B073-4FFE-BDE8-47CB1321E090}.Release|Any CPU.Build.0 = Release|Any CPU
		{53E9A5D4-29C2-4426-BA14-50234F62160C}.Debug|Any CPU.ActiveCfg = Debug|Any CPU
		{53E9A5D4-29C2-4426-BA14-50234F62160C}.Debug|Any CPU.Build.0 = Debug|Any CPU
		{53E9A5D4-29C2-4426-BA14-50234F62160C}.Release|Any CPU.ActiveCfg = Release|Any CPU
		{53E9A5D4-29C2-4426-BA14-50234F62160C}.Release|Any CPU.Build.0 = Release|Any CPU
	EndGlobalSection
	GlobalSection(SolutionProperties) = preSolution
		HideSolutionNode = FALSE
	EndGlobalSection
	GlobalSection(ExtensibilityGlobals) = postSolution
		SolutionGuid = {D15A8B17-5BCB-4BEC-9182-9712CCF2E681}
	EndGlobalSection
EndGlobal
